
Microsoft Visual Studio Solution File, Format Version 12.00
# Visual Studio Version 16
VisualStudioVersion = 16.0.32630.194
MinimumVisualStudioVersion = 10.0.40219.1
Project("{8BC9CEB8-8B4A-11D0-8D11-00A0C91BC942}") = "NoobCMD", "NoobCMD\NoobCMD.vcxproj", "{ADF26753-CA33-49B7-9C52-05F1BD2F700F}"
EndProject
Global
	GlobalSection(SolutionConfigurationPlatforms) = preSolution
		Debug|x64 = Debug|x64
		Release|x64 = Release|x64
	EndGlobalSection
	GlobalSection(ProjectConfigurationPlatforms) = postSolution
		{ADF26753-CA33-49B7-9C52-05F1BD2F700F}.Debug|x64.ActiveCfg = Debug|x64
		{ADF26753-CA33-49B7-9C52-05F1BD2F700F}.Debug|x64.Build.0 = Debug|x64
		{ADF26753-CA33-49B7-9C52-05F1BD2F700F}.Release|x64.ActiveCfg = Release|x64
		{ADF26753-CA33-49B7-9C52-05F1BD2F700F}.Release|x64.Build.0 = Release|x64
	EndGlobalSection
	GlobalSection(SolutionProperties) = preSolution
		HideSolutionNode = FALSE
	EndGlobalSection
	GlobalSection(ExtensibilityGlobals) = postSolution
		SolutionGuid = {AEECFC3E-10F4-46B9-A8E3-2586D1E05493}
	EndGlobalSection
EndGlobal
